PODS:
  - connectivity_plus (0.0.1):
    - Flutter
    - ReachabilitySwift
  - CQDemoKit (0.8.0):
    - CQDemoKit/Auxiliary (= 0.8.0)
    - CQDemoKit/BaseUIKit (= 0.8.0)
    - CQDemoKit/BaseUtil (= 0.8.0)
    - CQDemoKit/BaseVC (= 0.8.0)
    - CQDemoKit/Demo_DataSourceAndDelegate (= 0.8.0)
    - CQDemoKit/Demo_Resource (= 0.8.0)
    - CQDemoKit/Demo_RipeView (= 0.8.0)
    - CQDemoKit/Helper (= 0.8.0)
    - CQDemoKit/Monitor (= 0.8.0)
  - CQDemoKit-Swift (0.0.1):
    - CQDemoKit
    - CQDemoKit-Swift/CQDemoKit-OC (= 0.0.1)
    - CQDemoKit-Swift/SwiftUI (= 0.0.1)
  - CQDemoKit-Swift/CQDemoKit-OC (0.0.1):
    - CQDemoKit
  - CQDemoKit-Swift/SwiftUI (0.0.1):
    - CQDemoKit
  - CQDemoKit/Auxiliary (0.8.0):
    - Masonry
  - CQDemoKit/BaseUIKit (0.8.0):
    - Masonry
  - CQDemoKit/BaseUtil (0.8.0)
  - CQDemoKit/BaseVC (0.8.0):
    - CQDemoKit/BaseVC/Base (= 0.8.0)
    - CQDemoKit/BaseVC/Collection (= 0.8.0)
    - CQDemoKit/BaseVC/ScrollView (= 0.8.0)
    - CQDemoKit/BaseVC/TabBar (= 0.8.0)
    - CQDemoKit/BaseVC/TableView (= 0.8.0)
    - CQDemoKit/BaseVC/TextView (= 0.8.0)
  - CQDemoKit/BaseVC/Base (0.8.0):
    - CQDemoKit/BaseUIKit
    - Masonry
  - CQDemoKit/BaseVC/Collection (0.8.0):
    - CQDemoKit/BaseVC/Base
  - CQDemoKit/BaseVC/ScrollView (0.8.0):
    - CQDemoKit/BaseVC/Base
  - CQDemoKit/BaseVC/TabBar (0.8.0):
    - CQDemoKit/Helper
  - CQDemoKit/BaseVC/TableView (0.8.0):
    - CQDemoKit/BaseVC/Base
  - CQDemoKit/BaseVC/TextView (0.8.0):
    - CQDemoKit/BaseUtil
    - CQDemoKit/BaseVC/Base
  - CQDemoKit/Demo_DataSourceAndDelegate (0.8.0):
    - CQDemoKit/BaseVC
    - CQDemoKit/Demo_Resource
  - CQDemoKit/Demo_Resource (0.8.0):
    - CQDemoKit/BaseUIKit
    - CQDemoKit/Helper
  - CQDemoKit/Demo_RipeView (0.8.0):
    - CQDemoKit/BaseUIKit
    - CQDemoKit/BaseUtil
    - CQDemoKit/Demo_DataSourceAndDelegate
    - CQDemoKit/Demo_Resource
  - CQDemoKit/Helper (0.8.0)
  - CQDemoKit/Monitor (0.8.0)
  - Flutter (1.0.0)
  - FlutterPluginRegistrant (0.0.1):
    - connectivity_plus
    - Flutter
    - fluttertoast
    - sqflite
  - fluttertoast (0.0.2):
    - Flutter
    - Toast
  - FMDB (2.7.12):
    - FMDB/standard (= 2.7.12)
  - FMDB/Core (2.7.12)
  - FMDB/standard (2.7.12):
    - FMDB/Core
  - Masonry (1.1.0)
  - MBProgressHUD (1.2.0)
  - ReachabilitySwift (5.2.4)
  - sqflite (0.0.3):
    - Flutter
    - FMDB (>= 2.7.5)
  - SVProgressHUD (2.3.1):
    - SVProgressHUD/Core (= 2.3.1)
  - SVProgressHUD/Core (2.3.1)
  - Toast (4.1.1)

DEPENDENCIES:
  - connectivity_plus (from `../cqinitproject_flutter/.ios/.symlinks/plugins/connectivity_plus/ios`)
  - CQDemoKit-Swift (~> 0.0.1)
  - CQDemoKit/BaseVC (~> 0.8.0)
  - CQDemoKit/Demo_Resource (~> 0.8.0)
  - Flutter (from `../cqinitproject_flutter/.ios/Flutter`)
  - FlutterPluginRegistrant (from `../cqinitproject_flutter/.ios/Flutter/FlutterPluginRegistrant`)
  - fluttertoast (from `../cqinitproject_flutter/.ios/.symlinks/plugins/fluttertoast/ios`)
  - MBProgressHUD (from `https://github.com/jdg/MBProgressHUD.git`, commit `4a7c5f3e53cdea77c5dcb8578c2ee5acacdf6781`)
  - sqflite (from `../cqinitproject_flutter/.ios/.symlinks/plugins/sqflite/ios`)
  - SVProgressHUD (~> 2.3.1)

SPEC REPOS:
  trunk:
    - CQDemoKit
    - CQDemoKit-Swift
    - FMDB
    - Masonry
    - ReachabilitySwift
    - SVProgressHUD
    - Toast

EXTERNAL SOURCES:
  connectivity_plus:
    :path: "../cqinitproject_flutter/.ios/.symlinks/plugins/connectivity_plus/ios"
  Flutter:
    :path: "../cqinitproject_flutter/.ios/Flutter"
  FlutterPluginRegistrant:
    :path: "../cqinitproject_flutter/.ios/Flutter/FlutterPluginRegistrant"
  fluttertoast:
    :path: "../cqinitproject_flutter/.ios/.symlinks/plugins/fluttertoast/ios"
  MBProgressHUD:
    :commit: 4a7c5f3e53cdea77c5dcb8578c2ee5acacdf6781
    :git: https://github.com/jdg/MBProgressHUD.git
  sqflite:
    :path: "../cqinitproject_flutter/.ios/.symlinks/plugins/sqflite/ios"

CHECKOUT OPTIONS:
  MBProgressHUD:
    :commit: 4a7c5f3e53cdea77c5dcb8578c2ee5acacdf6781
    :git: https://github.com/jdg/MBProgressHUD.git

SPEC CHECKSUMS:
  connectivity_plus: 413a8857dd5d9f1c399a39130850d02fe0feaf7e
  CQDemoKit: 1fea1039a960befe72d4452ff17827e2828b9501
  CQDemoKit-Swift: 28d06bf24cbcc84c9651e0ffe607bffdd57863b6
  Flutter: f04841e97a9d0b0a8025694d0796dd46242b2854
  FlutterPluginRegistrant: 4ef2f64b7734a2143dcec21944c626e64b534d5d
  fluttertoast: 9f2f8e81bb5ce18facb9748d7855bf5a756fe3db
  FMDB: 728731dd336af3936ce00f91d9d8495f5718a0e6
  Masonry: 678fab65091a9290e40e2832a55e7ab731aad201
  MBProgressHUD: 1b0fb447e80a0fda94808180750e8b78a07b3cd2
  ReachabilitySwift: 32793e867593cfc1177f5d16491e3a197d2fccda
  sqflite: 31f7eba61e3074736dff8807a9b41581e4f7f15a
  SVProgressHUD: 4837c74bdfe2e51e8821c397825996a8d7de6e22
  Toast: 1f5ea13423a1e6674c4abdac5be53587ae481c4e

PODFILE CHECKSUM: 958385faee82017a16a09782654418133b34fa81

COCOAPODS: 1.16.2
